
Microsoft Visual Studio Solution File, Format Version 12.00
# Visual Studio Version 17
VisualStudioVersion = 17.3.32825.248
MinimumVisualStudioVersion = 10.0.40219.1
Project("{FAE04EC0-301F-11D3-BF4B-00C04F79EFBC}") = "2080600373_PhanThanhAnhHuy", "2080600373_PhanThanhAnhHuy\2080600373_PhanThanhAnhHuy.csproj", "{5066026F-5920-4F0D-B235-D9F00BA50501}"
EndProject
Global
	GlobalSection(SolutionConfigurationPlatforms) = preSolution
		Debug|Any CPU = Debug|Any CPU
		Release|Any CPU = Release|Any CPU
	EndGlobalSection
	GlobalSection(ProjectConfigurationPlatforms) = postSolution
		{5066026F-5920-4F0D-B235-D9F00BA50501}.Debug|Any CPU.ActiveCfg = Debug|Any CPU
		{5066026F-5920-4F0D-B235-D9F00BA50501}.Debug|Any CPU.Build.0 = Debug|Any CPU
		{5066026F-5920-4F0D-B235-D9F00BA50501}.Release|Any CPU.ActiveCfg = Release|Any CPU
		{5066026F-5920-4F0D-B235-D9F00BA50501}.Release|Any CPU.Build.0 = Release|Any CPU
	EndGlobalSection
	GlobalSection(SolutionProperties) = preSolution
		HideSolutionNode = FALSE
	EndGlobalSection
	GlobalSection(ExtensibilityGlobals) = postSolution
		SolutionGuid = {A6DBF3C0-DEA1-493C-87B7-29D9E610131B}
	EndGlobalSection
EndGlobal
